
Microsoft Visual Studio Solution File, Format Version 12.00
# Visual Studio Version 17
VisualStudioVersion = 17.3.32819.101
MinimumVisualStudioVersion = 10.0.40219.1
Project("{9A19103F-16F7-4668-BE54-9A1E7A4F7556}") = "Entities", "Entities\Entities.csproj", "{B83BF0B0-C226-4D82-BB6C-D8CECF9188D4}"
EndProject
Project("{9A19103F-16F7-4668-BE54-9A1E7A4F7556}") = "DataAccess", "DataAccess\DataAccess.csproj", "{DBD6E698-C81F-4945-A053-A0DDAA90EDE3}"
EndProject
Project("{9A19103F-16F7-4668-BE54-9A1E7A4F7556}") = "Business", "Business\Business.csproj", "{3B54AA10-87FA-4675-9FE8-BD83AB264FC8}"
EndProject
Project("{9A19103F-16F7-4668-BE54-9A1E7A4F7556}") = "Console", "Console\Console.csproj", "{14CB8DCB-AE9A-491F-8B57-51743C6DF89D}"
EndProject
Project("{9A19103F-16F7-4668-BE54-9A1E7A4F7556}") = "Core", "Core\Core.csproj", "{8620FC9C-6F93-479F-A2DE-883497056A66}"
EndProject
Project("{FAE04EC0-301F-11D3-BF4B-00C04F79EFBC}") = "WebAPI", "WebAPI\WebAPI.csproj", "{EDAA8F8A-DE75-4ECC-A371-259C05C19317}"
EndProject
Global
	GlobalSection(SolutionConfigurationPlatforms) = preSolution
		Debug|Any CPU = Debug|Any CPU
		Release|Any CPU = Release|Any CPU
	EndGlobalSection
	GlobalSection(ProjectConfigurationPlatforms) = postSolution
		{B83BF0B0-C226-4D82-BB6C-D8CECF9188D4}.Debug|Any CPU.ActiveCfg = Debug|Any CPU
		{B83BF0B0-C226-4D82-BB6C-D8CECF9188D4}.Debug|Any CPU.Build.0 = Debug|Any CPU
		{B83BF0B0-C226-4D82-BB6C-D8CECF9188D4}.Release|Any CPU.ActiveCfg = Release|Any CPU
		{B83BF0B0-C226-4D82-BB6C-D8CECF9188D4}.Release|Any CPU.Build.0 = Release|Any CPU
		{DBD6E698-C81F-4945-A053-A0DDAA90EDE3}.Debug|Any CPU.ActiveCfg = Debug|Any CPU
		{DBD6E698-C81F-4945-A053-A0DDAA90EDE3}.Debug|Any CPU.Build.0 = Debug|Any CPU
		{DBD6E698-C81F-4945-A053-A0DDAA90EDE3}.Release|Any CPU.ActiveCfg = Release|Any CPU
		{DBD6E698-C81F-4945-A053-A0DDAA90EDE3}.Release|Any CPU.Build.0 = Release|Any CPU
		{3B54AA10-87FA-4675-9FE8-BD83AB264FC8}.Debug|Any CPU.ActiveCfg = Debug|Any CPU
		{3B54AA10-87FA-4675-9FE8-BD83AB264FC8}.Debug|Any CPU.Build.0 = Debug|Any CPU
		{3B54AA10-87FA-4675-9FE8-BD83AB264FC8}.Release|Any CPU.ActiveCfg = Release|Any CPU
		{3B54AA10-87FA-4675-9FE8-BD83AB264FC8}.Release|Any CPU.Build.0 = Release|Any CPU
		{14CB8DCB-AE9A-491F-8B57-51743C6DF89D}.Debug|Any CPU.ActiveCfg = Debug|Any CPU
		{14CB8DCB-AE9A-491F-8B57-51743C6DF89D}.Debug|Any CPU.Build.0 = Debug|Any CPU
		{14CB8DCB-AE9A-491F-8B57-51743C6DF89D}.Release|Any CPU.ActiveCfg = Release|Any CPU
		{14CB8DCB-AE9A-491F-8B57-51743C6DF89D}.Release|Any CPU.Build.0 = Release|Any CPU
		{8620FC9C-6F93-479F-A2DE-883497056A66}.Debug|Any CPU.ActiveCfg = Debug|Any CPU
		{8620FC9C-6F93-479F-A2DE-883497056A66}.Debug|Any CPU.Build.0 = Debug|Any CPU
		{8620FC9C-6F93-479F-A2DE-883497056A66}.Release|Any CPU.ActiveCfg = Release|Any CPU
		{8620FC9C-6F93-479F-A2DE-883497056A66}.Release|Any CPU.Build.0 = Release|Any CPU
		{EDAA8F8A-DE75-4ECC-A371-259C05C19317}.Debug|Any CPU.ActiveCfg = Debug|Any CPU
		{EDAA8F8A-DE75-4ECC-A371-259C05C19317}.Debug|Any CPU.Build.0 = Debug|Any CPU
		{EDAA8F8A-DE75-4ECC-A371-259C05C19317}.Release|Any CPU.ActiveCfg = Release|Any CPU
		{EDAA8F8A-DE75-4ECC-A371-259C05C19317}.Release|Any CPU.Build.0 = Release|Any CPU
	EndGlobalSection
	GlobalSection(SolutionProperties) = preSolution
		HideSolutionNode = FALSE
	EndGlobalSection
	GlobalSection(ExtensibilityGlobals) = postSolution
		SolutionGuid = {05C59DC7-F2A3-48E2-AE0A-2B7419A2C9F3}
	EndGlobalSection
EndGlobal
